// !$*UTF8*$!
{
	archiveVersion = 1;
	classes = {
	};
	objectVersion = 50;
	objects = {

/* Begin PBXBuildFile section */
		57E8B21B235F300100E0316C /* AppDelegate.swift in Sources */ = {isa = PBXBuildFile; fileRef = 57E8B21A235F300100E0316C /* AppDelegate.swift */; };
		57E8B21D235F300100E0316C /* ContentView.swift in Sources */ = {isa = PBXBuildFile; fileRef = 57E8B21C235F300100E0316C /* ContentView.swift */; };
		57E8B21F235F300300E0316C /* Assets.xcassets in Resources */ = {isa = PBXBuildFile; fileRef = 57E8B21E235F300300E0316C /* Assets.xcassets */; };
		57E8B222235F300300E0316C /* Preview Assets.xcassets in Resources */ = {isa = PBXBuildFile; fileRef = 57E8B221235F300300E0316C /* Preview Assets.xcassets */; };
		57E8B225235F300300E0316C /* Main.storyboard in Resources */ = {isa = PBXBuildFile; fileRef = 57E8B223235F300300E0316C /* Main.storyboard */; };
		57E8B230235F9B4700E0316C /* ListViewRow.swift in Sources */ = {isa = PBXBuildFile; fileRef = 57E8B22F235F9B4700E0316C /* ListViewRow.swift */; };
		57E8B234235FA17900E0316C /* Helper.swift in Sources */ = {isa = PBXBuildFile; fileRef = 57E8B233235FA17900E0316C /* Helper.swift */; };
		57E8B236235FA18E00E0316C /* Weather.swift in Sources */ = {isa = PBXBuildFile; fileRef = 57E8B235235FA18E00E0316C /* Weather.swift */; };
		57E8B238235FA3B000E0316C /* WeatherData.swift in Sources */ = {isa = PBXBuildFile; fileRef = 57E8B237235FA3B000E0316C /* WeatherData.swift */; };
/* End PBXBuildFile section */

/* Begin PBXFileReference section */
		57E8B217235F300100E0316C /* Sidebar.app */ = {isa = PBXFileReference; explicitFileType = wrapper.application; includeInIndex = 0; path = Sidebar.app; sourceTree = BUILT_PRODUCTS_DIR; };
		57E8B21A235F300100E0316C /* AppDelegate.swift */ = {isa = PBXFileReference; lastKnownFileType = sourcecode.swift; path = AppDelegate.swift; sourceTree = "<group>"; };
		57E8B21C235F300100E0316C /* ContentView.swift */ = {isa = PBXFileReference; lastKnownFileType = sourcecode.swift; path = ContentView.swift; sourceTree = "<group>"; };
		57E8B21E235F300300E0316C /* Assets.xcassets */ = {isa = PBXFileReference; lastKnownFileType = folder.assetcatalog; path = Assets.xcassets; sourceTree = "<group>"; };
		57E8B221235F300300E0316C /* Preview Assets.xcassets */ = {isa = PBXFileReference; lastKnownFileType = folder.assetcatalog; path = "Preview Assets.xcassets"; sourceTree = "<group>"; };
		57E8B224235F300300E0316C /* Base */ = {isa = PBXFileReference; lastKnownFileType = file.storyboard; name = Base; path = Base.lproj/Main.storyboard; sourceTree = "<group>"; };
		57E8B226235F300300E0316C /* Info.plist */ = {isa = PBXFileReference; lastKnownFileType = text.plist.xml; path = Info.plist; sourceTree = "<group>"; };
		57E8B227235F300300E0316C /* Sidebar.entitlements */ = {isa = PBXFileReference; lastKnownFileType = text.plist.entitlements; path = Sidebar.entitlements; sourceTree = "<group>"; };
		57E8B22F235F9B4700E0316C /* ListViewRow.swift */ = {isa = PBXFileReference; lastKnownFileType = sourcecode.swift; path = ListViewRow.swift; sourceTree = "<group>"; };
		57E8B233235FA17900E0316C /* Helper.swift */ = {isa = PBXFileReference; lastKnownFileType = sourcecode.swift; path = Helper.swift; sourceTree = "<group>"; };
		57E8B235235FA18E00E0316C /* Weather.swift */ = {isa = PBXFileReference; lastKnownFileType = sourcecode.swift; path = Weather.swift; sourceTree = "<group>"; };
		57E8B237235FA3B000E0316C /* WeatherData.swift */ = {isa = PBXFileReference; lastKnownFileType = sourcecode.swift; path = WeatherData.swift; sourceTree = "<group>"; };
/* End PBXFileReference section */

/* Begin PBXFrameworksBuildPhase section */
		57E8B214235F300100E0316C /* Frameworks */ = {
			isa = PBXFrameworksBuildPhase;
			buildActionMask = 2147483647;
			files = (
			);
			runOnlyForDeploymentPostprocessing = 0;
		};
/* End PBXFrameworksBuildPhase section */

/* Begin PBXGroup section */
		57E8B20E235F300100E0316C = {
			isa = PBXGroup;
			children = (
				57E8B219235F300100E0316C /* Sidebar */,
				57E8B218235F300100E0316C /* Products */,
			);
			sourceTree = "<group>";
		};
		57E8B218235F300100E0316C /* Products */ = {
			isa = PBXGroup;
			children = (
				57E8B217235F300100E0316C /* Sidebar.app */,
			);
			name = Products;
			sourceTree = "<group>";
		};
		57E8B219235F300100E0316C /* Sidebar */ = {
			isa = PBXGroup;
			children = (
				57E8B21A235F300100E0316C /* AppDelegate.swift */,
				57E8B21C235F300100E0316C /* ContentView.swift */,
				57E8B21E235F300300E0316C /* Assets.xcassets */,
				57E8B223235F300300E0316C /* Main.storyboard */,
				57E8B226235F300300E0316C /* Info.plist */,
				57E8B227235F300300E0316C /* Sidebar.entitlements */,
				57E8B220235F300300E0316C /* Preview Content */,
				57E8B22F235F9B4700E0316C /* ListViewRow.swift */,
				57E8B233235FA17900E0316C /* Helper.swift */,
				57E8B235235FA18E00E0316C /* Weather.swift */,
				57E8B237235FA3B000E0316C /* WeatherData.swift */,
			);
			path = Sidebar;
			sourceTree = "<group>";
		};
		57E8B220235F300300E0316C /* Preview Content */ = {
			isa = PBXGroup;
			children = (
				57E8B221235F300300E0316C /* Preview Assets.xcassets */,
			);
			path = "Preview Content";
			sourceTree = "<group>";
		};
/* End PBXGroup section */

/* Begin PBXNativeTarget section */
		57E8B216235F300100E0316C /* Sidebar */ = {
			isa = PBXNativeTarget;
			buildConfigurationList = 57E8B22A235F300300E0316C /* Build configuration list for PBXNativeTarget "Sidebar" */;
			buildPhases = (
				57E8B213235F300100E0316C /* Sources */,
				57E8B214235F300100E0316C /* Frameworks */,
				57E8B215235F300100E0316C /* Resources */,
			);
			buildRules = (
			);
			dependencies = (
			);
			name = Sidebar;
			productName = Sidebar;
			productReference = 57E8B217235F300100E0316C /* Sidebar.app */;
			productType = "com.apple.product-type.application";
		};
/* End PBXNativeTarget section */

/* Begin PBXProject section */
		57E8B20F235F300100E0316C /* Project object */ = {
			isa = PBXProject;
			attributes = {
				LastSwiftUpdateCheck = 1110;
				LastUpgradeCheck = 1110;
				ORGANIZATIONNAME = purzelbaum.hu;
				TargetAttributes = {
					57E8B216235F300100E0316C = {
						CreatedOnToolsVersion = 11.1;
					};
				};
			};
			buildConfigurationList = 57E8B212235F300100E0316C /* Build configuration list for PBXProject "Sidebar" */;
			compatibilityVersion = "Xcode 9.3";
			developmentRegion = en;
			hasScannedForEncodings = 0;
			knownRegions = (
				en,
				Base,
			);
			mainGroup = 57E8B20E235F300100E0316C;
			productRefGroup = 57E8B218235F300100E0316C /* Products */;
			projectDirPath = "";
			projectRoot = "";
			targets = (
				57E8B216235F300100E0316C /* Sidebar */,
			);
		};
/* End PBXProject section */

/* Begin PBXResourcesBuildPhase section */
		57E8B215235F300100E0316C /* Resources */ = {
			isa = PBXResourcesBuildPhase;
			buildActionMask = 2147483647;
			files = (
				57E8B225235F300300E0316C /* Main.storyboard in Resources */,
				57E8B222235F300300E0316C /* Preview Assets.xcassets in Resources */,
				57E8B21F235F300300E0316C /* Assets.xcassets in Resources */,
			);
			runOnlyForDeploymentPostprocessing = 0;
		};
/* End PBXResourcesBuildPhase section */

/* Begin PBXSourcesBuildPhase section */
		57E8B213235F300100E0316C /* Sources */ = {
			isa = PBXSourcesBuildPhase;
			buildActionMask = 2147483647;
			files = (
				57E8B21D235F300100E0316C /* ContentView.swift in Sources */,
				57E8B230235F9B4700E0316C /* ListViewRow.swift in Sources */,
				57E8B21B235F300100E0316C /* AppDelegate.swift in Sources */,
				57E8B234235FA17900E0316C /* Helper.swift in Sources */,
				57E8B238235FA3B000E0316C /* WeatherData.swift in Sources */,
				57E8B236235FA18E00E0316C /* Weather.swift in Sources */,
			);
			runOnlyForDeploymentPostprocessing = 0;
		};
/* End PBXSourcesBuildPhase section */

/* Begin PBXVariantGroup section */
		57E8B223235F300300E0316C /* Main.storyboard */ = {
			isa = PBXVariantGroup;
			children = (
				57E8B224235F300300E0316C /* Base */,
			);
			name = Main.storyboard;
			sourceTree = "<group>";
		};
/* End PBXVariantGroup section */

/* Begin XCBuildConfiguration section */
		57E8B228235F300300E0316C /* Debug */ = {
			isa = XCBuildConfiguration;
			buildSettings = {
				ALWAYS_SEARCH_USER_PATHS = NO;
				CLANG_ANALYZER_NONNULL = YES;
				CLANG_ANALYZER_NUMBER_OBJECT_CONVERSION = YES_AGGRESSIVE;
				CLANG_CXX_LANGUAGE_STANDARD = "gnu++14";
				CLANG_CXX_LIBRARY = "libc++";
				CLANG_ENABLE_MODULES = YES;
				CLANG_ENABLE_OBJC_ARC = YES;
				CLANG_ENABLE_OBJC_WEAK = YES;
				CLANG_WARN_BLOCK_CAPTURE_AUTORELEASING = YES;
				CLANG_WARN_BOOL_CONVERSION = YES;
				CLANG_WARN_COMMA = YES;
				CLANG_WARN_CONSTANT_CONVERSION = YES;
				CLANG_WARN_DEPRECATED_OBJC_IMPLEMENTATIONS = YES;
				CLANG_WARN_DIRECT_OBJC_ISA_USAGE = YES_ERROR;
				CLANG_WARN_DOCUMENTATION_COMMENTS = YES;
				CLANG_WARN_EMPTY_BODY = YES;
				CLANG_WARN_ENUM_CONVERSION = YES;
				CLANG_WARN_INFINITE_RECURSION = YES;
				CLANG_WARN_INT_CONVERSION = YES;
				CLANG_WARN_NON_LITERAL_NULL_CONVERSION = YES;
				CLANG_WARN_OBJC_IMPLICIT_RETAIN_SELF = YES;
				CLANG_WARN_OBJC_LITERAL_CONVERSION = YES;
				CLANG_WARN_OBJC_ROOT_CLASS = YES_ERROR;
				CLANG_WARN_RANGE_LOOP_ANALYSIS = YES;
				CLANG_WARN_STRICT_PROTOTYPES = YES;
				CLANG_WARN_SUSPICIOUS_MOVE = YES;
				CLANG_WARN_UNGUARDED_AVAILABILITY = YES_AGGRESSIVE;
				CLANG_WARN_UNREACHABLE_CODE = YES;
				CLANG_WARN__DUPLICATE_METHOD_MATCH = YES;
				COPY_PHASE_STRIP = NO;
				DEBUG_INFORMATION_FORMAT = dwarf;
				ENABLE_STRICT_OBJC_MSGSEND = YES;
				ENABLE_TESTABILITY = YES;
				GCC_C_LANGUAGE_STANDARD = gnu11;
				GCC_DYNAMIC_NO_PIC = NO;
				GCC_NO_COMMON_BLOCKS = YES;
				GCC_OPTIMIZATION_LEVEL = 0;
				GCC_PREPROCESSOR_DEFINITIONS = (
					"DEBUG=1",
					"$(inherited)",
				);
				GCC_WARN_64_TO_32_BIT_CONVERSION = YES;
				GCC_WARN_ABOUT_RETURN_TYPE = YES_ERROR;
				GCC_WARN_UNDECLARED_SELECTOR = YES;
				GCC_WARN_UNINITIALIZED_AUTOS = YES_AGGRESSIVE;
				GCC_WARN_UNUSED_FUNCTION = YES;
				GCC_WARN_UNUSED_VARIABLE = YES;
				MACOSX_DEPLOYMENT_TARGET = 10.15;
				MTL_ENABLE_DEBUG_INFO = INCLUDE_SOURCE;
				MTL_FAST_MATH = YES;
				ONLY_ACTIVE_ARCH = YES;
				SDKROOT = macosx;
				SWIFT_ACTIVE_COMPILATION_CONDITIONS = DEBUG;
				SWIFT_OPTIMIZATION_LEVEL = "-Onone";
			};
			name = Debug;
		};
		57E8B229235F300300E0316C /* Release */ = {
			isa = XCBuildConfiguration;
			buildSettings = {
				ALWAYS_SEARCH_USER_PATHS = NO;
				CLANG_ANALYZER_NONNULL = YES;
				CLANG_ANALYZER_NUMBER_OBJECT_CONVERSION = YES_AGGRESSIVE;
				CLANG_CXX_LANGUAGE_STANDARD = "gnu++14";
				CLANG_CXX_LIBRARY = "libc++";
				CLANG_ENABLE_MODULES = YES;
				CLANG_ENABLE_OBJC_ARC = YES;
				CLANG_ENABLE_OBJC_WEAK = YES;
				CLANG_WARN_BLOCK_CAPTURE_AUTORELEASING = YES;
				CLANG_WARN_BOOL_CONVERSION = YES;
				CLANG_WARN_COMMA = YES;
				CLANG_WARN_CONSTANT_CONVERSION = YES;
				CLANG_WARN_DEPRECATED_OBJC_IMPLEMENTATIONS = YES;
				CLANG_WARN_DIRECT_OBJC_ISA_USAGE = YES_ERROR;
				CLANG_WARN_DOCUMENTATION_COMMENTS = YES;
				CLANG_WARN_EMPTY_BODY = YES;
				CLANG_WARN_ENUM_CONVERSION = YES;
				CLANG_WARN_INFINITE_RECURSION = YES;
				CLANG_WARN_INT_CONVERSION = YES;
				CLANG_WARN_NON_LITERAL_NULL_CONVERSION = YES;
				CLANG_WARN_OBJC_IMPLICIT_RETAIN_SELF = YES;
				CLANG_WARN_OBJC_LITERAL_CONVERSION = YES;
				CLANG_WARN_OBJC_ROOT_CLASS = YES_ERROR;
				CLANG_WARN_RANGE_LOOP_ANALYSIS = YES;
				CLANG_WARN_STRICT_PROTOTYPES = YES;
				CLANG_WARN_SUSPICIOUS_MOVE = YES;
				CLANG_WARN_UNGUARDED_AVAILABILITY = YES_AGGRESSIVE;
				CLANG_WARN_UNREACHABLE_CODE = YES;
				CLANG_WARN__DUPLICATE_METHOD_MATCH = YES;
				COPY_PHASE_STRIP = NO;
				DEBUG_INFORMATION_FORMAT = "dwarf-with-dsym";
				ENABLE_NS_ASSERTIONS = NO;
				ENABLE_STRICT_OBJC_MSGSEND = YES;
				GCC_C_LANGUAGE_STANDARD = gnu11;
				GCC_NO_COMMON_BLOCKS = YES;
				GCC_WARN_64_TO_32_BIT_CONVERSION = YES;
				GCC_WARN_ABOUT_RETURN_TYPE = YES_ERROR;
				GCC_WARN_UNDECLARED_SELECTOR = YES;
				GCC_WARN_UNINITIALIZED_AUTOS = YES_AGGRESSIVE;
				GCC_WARN_UNUSED_FUNCTION = YES;
				GCC_WARN_UNUSED_VARIABLE = YES;
				MACOSX_DEPLOYMENT_TARGET = 10.15;
				MTL_ENABLE_DEBUG_INFO = NO;
				MTL_FAST_MATH = YES;
				SDKROOT = macosx;
				SWIFT_COMPILATION_MODE = wholemodule;
				SWIFT_OPTIMIZATION_LEVEL = "-O";
			};
			name = Release;
		};
		57E8B22B235F300300E0316C /* Debug */ = {
			isa = XCBuildConfiguration;
			buildSettings = {
				ASSETCATALOG_COMPILER_APPICON_NAME = AppIcon;
				CODE_SIGN_ENTITLEMENTS = Sidebar/Sidebar.entitlements;
				CODE_SIGN_STYLE = Automatic;
				COMBINE_HIDPI_IMAGES = YES;
				DEVELOPMENT_ASSET_PATHS = "\"Sidebar/Preview Content\"";
				DEVELOPMENT_TEAM = 358WHQF94W;
				ENABLE_HARDENED_RUNTIME = YES;
				ENABLE_PREVIEWS = YES;
				INFOPLIST_FILE = Sidebar/Info.plist;
				LD_RUNPATH_SEARCH_PATHS = (
					"$(inherited)",
					"@executable_path/../Frameworks",
				);
				MACOSX_DEPLOYMENT_TARGET = 10.15;
				PRODUCT_BUNDLE_IDENTIFIER = hu.purzelbaum.Sidebar;
				PRODUCT_NAME = "$(TARGET_NAME)";
				SWIFT_VERSION = 5.0;
			};
			name = Debug;
		};
		57E8B22C235F300300E0316C /* Release */ = {
			isa = XCBuildConfiguration;
			buildSettings = {
				ASSETCATALOG_COMPILER_APPICON_NAME = AppIcon;
				CODE_SIGN_ENTITLEMENTS = Sidebar/Sidebar.entitlements;
				CODE_SIGN_STYLE = Automatic;
				COMBINE_HIDPI_IMAGES = YES;
				DEVELOPMENT_ASSET_PATHS = "\"Sidebar/Preview Content\"";
				DEVELOPMENT_TEAM = 358WHQF94W;
				ENABLE_HARDENED_RUNTIME = YES;
				ENABLE_PREVIEWS = YES;
				INFOPLIST_FILE = Sidebar/Info.plist;
				LD_RUNPATH_SEARCH_PATHS = (
					"$(inherited)",
					"@executable_path/../Frameworks",
				);
				MACOSX_DEPLOYMENT_TARGET = 10.15;
				PRODUCT_BUNDLE_IDENTIFIER = hu.purzelbaum.Sidebar;
				PRODUCT_NAME = "$(TARGET_NAME)";
				SWIFT_VERSION = 5.0;
			};
			name = Release;
		};
/* End XCBuildConfiguration section */

/* Begin XCConfigurationList section */
		57E8B212235F300100E0316C /* Build configuration list for PBXProject "Sidebar" */ = {
			isa = XCConfigurationList;
			buildConfigurations = (
				57E8B228235F300300E0316C /* Debug */,
				57E8B229235F300300E0316C /* Release */,
			);
			defaultConfigurationIsVisible = 0;
			defaultConfigurationName = Release;
		};
		57E8B22A235F300300E0316C /* Build configuration list for PBXNativeTarget "Sidebar" */ = {
			isa = XCConfigurationList;
			buildConfigurations = (
				57E8B22B235F300300E0316C /* Debug */,
				57E8B22C235F300300E0316C /* Release */,
			);
			defaultConfigurationIsVisible = 0;
			defaultConfigurationName = Release;
		};
/* End XCConfigurationList section */
	};
	rootObject = 57E8B20F235F300100E0316C /* Project object */;
}
